// !$*UTF8*$!
{
	archiveVersion = 1;
	classes = {
	};
	objectVersion = 55;
	objects = {

/* Begin PBXBuildFile section */
		17553CCE2873616100A5B862 /* PingPongApp.swift in Sources */ = {isa = PBXBuildFile; fileRef = 17553CCD2873616100A5B862 /* PingPongApp.swift */; };
		17553CD02873616100A5B862 /* ContentView.swift in Sources */ = {isa = PBXBuildFile; fileRef = 17553CCF2873616100A5B862 /* ContentView.swift */; };
		17553CD22873616200A5B862 /* Assets.xcassets in Resources */ = {isa = PBXBuildFile; fileRef = 17553CD12873616200A5B862 /* Assets.xcassets */; };
		17553CD52873616200A5B862 /* Preview Assets.xcassets in Resources */ = {isa = PBXBuildFile; fileRef = 17553CD42873616200A5B862 /* Preview Assets.xcassets */; };
		17553CDD2873622600A5B862 /* Server.swift in Sources */ = {isa = PBXBuildFile; fileRef = 17553CDC2873622600A5B862 /* Server.swift */; };
		17553CDF2873631E00A5B862 /* FileManager-DocumentsDirectory.swift in Sources */ = {isa = PBXBuildFile; fileRef = 17553CDE2873631E00A5B862 /* FileManager-DocumentsDirectory.swift */; };
		17553CE1287363CC00A5B862 /* ViewModel.swift in Sources */ = {isa = PBXBuildFile; fileRef = 17553CE0287363CC00A5B862 /* ViewModel.swift */; };
		17553CE32873662B00A5B862 /* ServerRow.swift in Sources */ = {isa = PBXBuildFile; fileRef = 17553CE22873662B00A5B862 /* ServerRow.swift */; };
		17553CE52873674100A5B862 /* AddServerView.swift in Sources */ = {isa = PBXBuildFile; fileRef = 17553CE42873674100A5B862 /* AddServerView.swift */; };
		17553CE728737D5800A5B862 /* AppDelegate.swift in Sources */ = {isa = PBXBuildFile; fileRef = 17553CE628737D5800A5B862 /* AppDelegate.swift */; };
		17553CE92873813900A5B862 /* SettingsView.swift in Sources */ = {isa = PBXBuildFile; fileRef = 17553CE82873813900A5B862 /* SettingsView.swift */; };
		17553CEB2874256D00A5B862 /* README.md in Resources */ = {isa = PBXBuildFile; fileRef = 17553CEA2874256D00A5B862 /* README.md */; };
/* End PBXBuildFile section */

/* Begin PBXFileReference section */
		17553CCA2873616100A5B862 /* PingPong.app */ = {isa = PBXFileReference; explicitFileType = wrapper.application; includeInIndex = 0; path = PingPong.app; sourceTree = BUILT_PRODUCTS_DIR; };
		17553CCD2873616100A5B862 /* PingPongApp.swift */ = {isa = PBXFileReference; lastKnownFileType = sourcecode.swift; path = PingPongApp.swift; sourceTree = "<group>"; };
		17553CCF2873616100A5B862 /* ContentView.swift */ = {isa = PBXFileReference; lastKnownFileType = sourcecode.swift; path = ContentView.swift; sourceTree = "<group>"; };
		17553CD12873616200A5B862 /* Assets.xcassets */ = {isa = PBXFileReference; lastKnownFileType = folder.assetcatalog; path = Assets.xcassets; sourceTree = "<group>"; };
		17553CD42873616200A5B862 /* Preview Assets.xcassets */ = {isa = PBXFileReference; lastKnownFileType = folder.assetcatalog; path = "Preview Assets.xcassets"; sourceTree = "<group>"; };
		17553CD62873616200A5B862 /* PingPong.entitlements */ = {isa = PBXFileReference; lastKnownFileType = text.plist.entitlements; path = PingPong.entitlements; sourceTree = "<group>"; };
		17553CDC2873622600A5B862 /* Server.swift */ = {isa = PBXFileReference; lastKnownFileType = sourcecode.swift; path = Server.swift; sourceTree = "<group>"; };
		17553CDE2873631E00A5B862 /* FileManager-DocumentsDirectory.swift */ = {isa = PBXFileReference; lastKnownFileType = sourcecode.swift; path = "FileManager-DocumentsDirectory.swift"; sourceTree = "<group>"; };
		17553CE0287363CC00A5B862 /* ViewModel.swift */ = {isa = PBXFileReference; lastKnownFileType = sourcecode.swift; path = ViewModel.swift; sourceTree = "<group>"; };
		17553CE22873662B00A5B862 /* ServerRow.swift */ = {isa = PBXFileReference; lastKnownFileType = sourcecode.swift; path = ServerRow.swift; sourceTree = "<group>"; };
		17553CE42873674100A5B862 /* AddServerView.swift */ = {isa = PBXFileReference; lastKnownFileType = sourcecode.swift; path = AddServerView.swift; sourceTree = "<group>"; };
		17553CE628737D5800A5B862 /* AppDelegate.swift */ = {isa = PBXFileReference; lastKnownFileType = sourcecode.swift; path = AppDelegate.swift; sourceTree = "<group>"; };
		17553CE82873813900A5B862 /* SettingsView.swift */ = {isa = PBXFileReference; lastKnownFileType = sourcecode.swift; path = SettingsView.swift; sourceTree = "<group>"; };
		17553CEA2874256D00A5B862 /* README.md */ = {isa = PBXFileReference; fileEncoding = 4; lastKnownFileType = net.daringfireball.markdown; path = README.md; sourceTree = "<group>"; };
/* End PBXFileReference section */

/* Begin PBXFrameworksBuildPhase section */
		17553CC72873616100A5B862 /* Frameworks */ = {
			isa = PBXFrameworksBuildPhase;
			buildActionMask = 2147483647;
			files = (
			);
			runOnlyForDeploymentPostprocessing = 0;
		};
/* End PBXFrameworksBuildPhase section */

/* Begin PBXGroup section */
		17553CC12873616100A5B862 = {
			isa = PBXGroup;
			children = (
				17553CEA2874256D00A5B862 /* README.md */,
				17553CCC2873616100A5B862 /* PingPong */,
				17553CCB2873616100A5B862 /* Products */,
			);
			sourceTree = "<group>";
		};
		17553CCB2873616100A5B862 /* Products */ = {
			isa = PBXGroup;
			children = (
				17553CCA2873616100A5B862 /* PingPong.app */,
			);
			name = Products;
			sourceTree = "<group>";
		};
		17553CCC2873616100A5B862 /* PingPong */ = {
			isa = PBXGroup;
			children = (
				17553CCD2873616100A5B862 /* PingPongApp.swift */,
				17553CE82873813900A5B862 /* SettingsView.swift */,
				17553CCF2873616100A5B862 /* ContentView.swift */,
				17553CE42873674100A5B862 /* AddServerView.swift */,
				17553CE22873662B00A5B862 /* ServerRow.swift */,
				17553CDC2873622600A5B862 /* Server.swift */,
				17553CDE2873631E00A5B862 /* FileManager-DocumentsDirectory.swift */,
				17553CE0287363CC00A5B862 /* ViewModel.swift */,
				17553CE628737D5800A5B862 /* AppDelegate.swift */,
				17553CD12873616200A5B862 /* Assets.xcassets */,
				17553CD62873616200A5B862 /* PingPong.entitlements */,
				17553CD32873616200A5B862 /* Preview Content */,
			);
			path = PingPong;
			sourceTree = "<group>";
		};
		17553CD32873616200A5B862 /* Preview Content */ = {
			isa = PBXGroup;
			children = (
				17553CD42873616200A5B862 /* Preview Assets.xcassets */,
			);
			path = "Preview Content";
			sourceTree = "<group>";
		};
/* End PBXGroup section */

/* Begin PBXNativeTarget section */
		17553CC92873616100A5B862 /* PingPong */ = {
			isa = PBXNativeTarget;
			buildConfigurationList = 17553CD92873616200A5B862 /* Build configuration list for PBXNativeTarget "PingPong" */;
			buildPhases = (
				17553CC62873616100A5B862 /* Sources */,
				17553CC72873616100A5B862 /* Frameworks */,
				17553CC82873616100A5B862 /* Resources */,
			);
			buildRules = (
			);
			dependencies = (
			);
			name = PingPong;
			productName = PingPong;
			productReference = 17553CCA2873616100A5B862 /* PingPong.app */;
			productType = "com.apple.product-type.application";
		};
/* End PBXNativeTarget section */

/* Begin PBXProject section */
		17553CC22873616100A5B862 /* Project object */ = {
			isa = PBXProject;
			attributes = {
				BuildIndependentTargetsInParallel = 1;
				LastSwiftUpdateCheck = 1340;
				LastUpgradeCheck = 1340;
				TargetAttributes = {
					17553CC92873616100A5B862 = {
						CreatedOnToolsVersion = 13.4.1;
					};
				};
			};
			buildConfigurationList = 17553CC52873616100A5B862 /* Build configuration list for PBXProject "PingPong" */;
			compatibilityVersion = "Xcode 13.0";
			developmentRegion = en;
			hasScannedForEncodings = 0;
			knownRegions = (
				en,
				Base,
			);
			mainGroup = 17553CC12873616100A5B862;
			productRefGroup = 17553CCB2873616100A5B862 /* Products */;
			projectDirPath = "";
			projectRoot = "";
			targets = (
				17553CC92873616100A5B862 /* PingPong */,
			);
		};
/* End PBXProject section */

/* Begin PBXResourcesBuildPhase section */
		17553CC82873616100A5B862 /* Resources */ = {
			isa = PBXResourcesBuildPhase;
			buildActionMask = 2147483647;
			files = (
				17553CEB2874256D00A5B862 /* README.md in Resources */,
				17553CD52873616200A5B862 /* Preview Assets.xcassets in Resources */,
				17553CD22873616200A5B862 /* Assets.xcassets in Resources */,
			);
			runOnlyForDeploymentPostprocessing = 0;
		};
/* End PBXResourcesBuildPhase section */

/* Begin PBXSourcesBuildPhase section */
		17553CC62873616100A5B862 /* Sources */ = {
			isa = PBXSourcesBuildPhase;
			buildActionMask = 2147483647;
			files = (
				17553CE728737D5800A5B862 /* AppDelegate.swift in Sources */,
				17553CE52873674100A5B862 /* AddServerView.swift in Sources */,
				17553CE1287363CC00A5B862 /* ViewModel.swift in Sources */,
				17553CE92873813900A5B862 /* SettingsView.swift in Sources */,
				17553CD02873616100A5B862 /* ContentView.swift in Sources */,
				17553CDD2873622600A5B862 /* Server.swift in Sources */,
				17553CE32873662B00A5B862 /* ServerRow.swift in Sources */,
				17553CDF2873631E00A5B862 /* FileManager-DocumentsDirectory.swift in Sources */,
				17553CCE2873616100A5B862 /* PingPongApp.swift in Sources */,
			);
			runOnlyForDeploymentPostprocessing = 0;
		};
/* End PBXSourcesBuildPhase section */

/* Begin XCBuildConfiguration section */
		17553CD72873616200A5B862 /* Debug */ = {
			isa = XCBuildConfiguration;
			buildSettings = {
				ALWAYS_SEARCH_USER_PATHS = NO;
				CLANG_ANALYZER_NONNULL = YES;
				CLANG_ANALYZER_NUMBER_OBJECT_CONVERSION = YES_AGGRESSIVE;
				CLANG_CXX_LANGUAGE_STANDARD = "gnu++17";
				CLANG_ENABLE_MODULES = YES;
				CLANG_ENABLE_OBJC_ARC = YES;
				CLANG_ENABLE_OBJC_WEAK = YES;
				CLANG_WARN_BLOCK_CAPTURE_AUTORELEASING = YES;
				CLANG_WARN_BOOL_CONVERSION = YES;
				CLANG_WARN_COMMA = YES;
				CLANG_WARN_CONSTANT_CONVERSION = YES;
				CLANG_WARN_DEPRECATED_OBJC_IMPLEMENTATIONS = YES;
				CLANG_WARN_DIRECT_OBJC_ISA_USAGE = YES_ERROR;
				CLANG_WARN_DOCUMENTATION_COMMENTS = YES;
				CLANG_WARN_EMPTY_BODY = YES;
				CLANG_WARN_ENUM_CONVERSION = YES;
				CLANG_WARN_INFINITE_RECURSION = YES;
				CLANG_WARN_INT_CONVERSION = YES;
				CLANG_WARN_NON_LITERAL_NULL_CONVERSION = YES;
				CLANG_WARN_OBJC_IMPLICIT_RETAIN_SELF = YES;
				CLANG_WARN_OBJC_LITERAL_CONVERSION = YES;
				CLANG_WARN_OBJC_ROOT_CLASS = YES_ERROR;
				CLANG_WARN_QUOTED_INCLUDE_IN_FRAMEWORK_HEADER = YES;
				CLANG_WARN_RANGE_LOOP_ANALYSIS = YES;
				CLANG_WARN_STRICT_PROTOTYPES = YES;
				CLANG_WARN_SUSPICIOUS_MOVE = YES;
				CLANG_WARN_UNGUARDED_AVAILABILITY = YES_AGGRESSIVE;
				CLANG_WARN_UNREACHABLE_CODE = YES;
				CLANG_WARN__DUPLICATE_METHOD_MATCH = YES;
				COPY_PHASE_STRIP = NO;
				DEBUG_INFORMATION_FORMAT = dwarf;
				ENABLE_STRICT_OBJC_MSGSEND = YES;
				ENABLE_TESTABILITY = YES;
				GCC_C_LANGUAGE_STANDARD = gnu11;
				GCC_DYNAMIC_NO_PIC = NO;
				GCC_NO_COMMON_BLOCKS = YES;
				GCC_OPTIMIZATION_LEVEL = 0;
				GCC_PREPROCESSOR_DEFINITIONS = (
					"DEBUG=1",
					"$(inherited)",
				);
				GCC_WARN_64_TO_32_BIT_CONVERSION = YES;
				GCC_WARN_ABOUT_RETURN_TYPE = YES_ERROR;
				GCC_WARN_UNDECLARED_SELECTOR = YES;
				GCC_WARN_UNINITIALIZED_AUTOS = YES_AGGRESSIVE;
				GCC_WARN_UNUSED_FUNCTION = YES;
				GCC_WARN_UNUSED_VARIABLE = YES;
				MACOSX_DEPLOYMENT_TARGET = 12.3;
				MTL_ENABLE_DEBUG_INFO = INCLUDE_SOURCE;
				MTL_FAST_MATH = YES;
				ONLY_ACTIVE_ARCH = YES;
				SDKROOT = macosx;
				SWIFT_ACTIVE_COMPILATION_CONDITIONS = DEBUG;
				SWIFT_OPTIMIZATION_LEVEL = "-Onone";
			};
			name = Debug;
		};
		17553CD82873616200A5B862 /* Release */ = {
			isa = XCBuildConfiguration;
			buildSettings = {
				ALWAYS_SEARCH_USER_PATHS = NO;
				CLANG_ANALYZER_NONNULL = YES;
				CLANG_ANALYZER_NUMBER_OBJECT_CONVERSION = YES_AGGRESSIVE;
				CLANG_CXX_LANGUAGE_STANDARD = "gnu++17";
				CLANG_ENABLE_MODULES = YES;
				CLANG_ENABLE_OBJC_ARC = YES;
				CLANG_ENABLE_OBJC_WEAK = YES;
				CLANG_WARN_BLOCK_CAPTURE_AUTORELEASING = YES;
				CLANG_WARN_BOOL_CONVERSION = YES;
				CLANG_WARN_COMMA = YES;
				CLANG_WARN_CONSTANT_CONVERSION = YES;
				CLANG_WARN_DEPRECATED_OBJC_IMPLEMENTATIONS = YES;
				CLANG_WARN_DIRECT_OBJC_ISA_USAGE = YES_ERROR;
				CLANG_WARN_DOCUMENTATION_COMMENTS = YES;
				CLANG_WARN_EMPTY_BODY = YES;
				CLANG_WARN_ENUM_CONVERSION = YES;
				CLANG_WARN_INFINITE_RECURSION = YES;
				CLANG_WARN_INT_CONVERSION = YES;
				CLANG_WARN_NON_LITERAL_NULL_CONVERSION = YES;
				CLANG_WARN_OBJC_IMPLICIT_RETAIN_SELF = YES;
				CLANG_WARN_OBJC_LITERAL_CONVERSION = YES;
				CLANG_WARN_OBJC_ROOT_CLASS = YES_ERROR;
				CLANG_WARN_QUOTED_INCLUDE_IN_FRAMEWORK_HEADER = YES;
				CLANG_WARN_RANGE_LOOP_ANALYSIS = YES;
				CLANG_WARN_STRICT_PROTOTYPES = YES;
				CLANG_WARN_SUSPICIOUS_MOVE = YES;
				CLANG_WARN_UNGUARDED_AVAILABILITY = YES_AGGRESSIVE;
				CLANG_WARN_UNREACHABLE_CODE = YES;
				CLANG_WARN__DUPLICATE_METHOD_MATCH = YES;
				COPY_PHASE_STRIP = NO;
				DEBUG_INFORMATION_FORMAT = "dwarf-with-dsym";
				ENABLE_NS_ASSERTIONS = NO;
				ENABLE_STRICT_OBJC_MSGSEND = YES;
				GCC_C_LANGUAGE_STANDARD = gnu11;
				GCC_NO_COMMON_BLOCKS = YES;
				GCC_WARN_64_TO_32_BIT_CONVERSION = YES;
				GCC_WARN_ABOUT_RETURN_TYPE = YES_ERROR;
				GCC_WARN_UNDECLARED_SELECTOR = YES;
				GCC_WARN_UNINITIALIZED_AUTOS = YES_AGGRESSIVE;
				GCC_WARN_UNUSED_FUNCTION = YES;
				GCC_WARN_UNUSED_VARIABLE = YES;
				MACOSX_DEPLOYMENT_TARGET = 12.3;
				MTL_ENABLE_DEBUG_INFO = NO;
				MTL_FAST_MATH = YES;
				SDKROOT = macosx;
				SWIFT_COMPILATION_MODE = wholemodule;
				SWIFT_OPTIMIZATION_LEVEL = "-O";
			};
			name = Release;
		};
		17553CDA2873616200A5B862 /* Debug */ = {
			isa = XCBuildConfiguration;
			buildSettings = {
				ASSETCATALOG_COMPILER_APPICON_NAME = AppIcon;
				ASSETCATALOG_COMPILER_GLOBAL_ACCENT_COLOR_NAME = AccentColor;
				CODE_SIGN_ENTITLEMENTS = PingPong/PingPong.entitlements;
				CODE_SIGN_STYLE = Automatic;
				COMBINE_HIDPI_IMAGES = YES;
				CURRENT_PROJECT_VERSION = 1;
				DEVELOPMENT_ASSET_PATHS = "\"PingPong/Preview Content\"";
				DEVELOPMENT_TEAM = P8CC95REUG;
				ENABLE_HARDENED_RUNTIME = YES;
				ENABLE_PREVIEWS = YES;
				GENERATE_INFOPLIST_FILE = YES;
				INFOPLIST_KEY_NSHumanReadableCopyright = "";
				LD_RUNPATH_SEARCH_PATHS = (
					"$(inherited)",
					"@executable_path/../Frameworks",
				);
				MARKETING_VERSION = 1.0;
				PRODUCT_BUNDLE_IDENTIFIER = com.yourcompany.PingPong;
				PRODUCT_NAME = "$(TARGET_NAME)";
				SWIFT_EMIT_LOC_STRINGS = YES;
				SWIFT_VERSION = 5.0;
			};
			name = Debug;
		};
		17553CDB2873616200A5B862 /* Release */ = {
			isa = XCBuildConfiguration;
			buildSettings = {
				ASSETCATALOG_COMPILER_APPICON_NAME = AppIcon;
				ASSETCATALOG_COMPILER_GLOBAL_ACCENT_COLOR_NAME = AccentColor;
				CODE_SIGN_ENTITLEMENTS = PingPong/PingPong.entitlements;
				CODE_SIGN_STYLE = Automatic;
				COMBINE_HIDPI_IMAGES = YES;
				CURRENT_PROJECT_VERSION = 1;
				DEVELOPMENT_ASSET_PATHS = "\"PingPong/Preview Content\"";
				DEVELOPMENT_TEAM = P8CC95REUG;
				ENABLE_HARDENED_RUNTIME = YES;
				ENABLE_PREVIEWS = YES;
				GENERATE_INFOPLIST_FILE = YES;
				INFOPLIST_KEY_NSHumanReadableCopyright = "";
				LD_RUNPATH_SEARCH_PATHS = (
					"$(inherited)",
					"@executable_path/../Frameworks",
				);
				MARKETING_VERSION = 1.0;
				PRODUCT_BUNDLE_IDENTIFIER = com.yourcompany.PingPong;
				PRODUCT_NAME = "$(TARGET_NAME)";
				SWIFT_EMIT_LOC_STRINGS = YES;
				SWIFT_VERSION = 5.0;
			};
			name = Release;
		};
/* End XCBuildConfiguration section */

/* Begin XCConfigurationList section */
		17553CC52873616100A5B862 /* Build configuration list for PBXProject "PingPong" */ = {
			isa = XCConfigurationList;
			buildConfigurations = (
				17553CD72873616200A5B862 /* Debug */,
				17553CD82873616200A5B862 /* Release */,
			);
			defaultConfigurationIsVisible = 0;
			defaultConfigurationName = Release;
		};
		17553CD92873616200A5B862 /* Build configuration list for PBXNativeTarget "PingPong" */ = {
			isa = XCConfigurationList;
			buildConfigurations = (
				17553CDA2873616200A5B862 /* Debug */,
				17553CDB2873616200A5B862 /* Release */,
			);
			defaultConfigurationIsVisible = 0;
			defaultConfigurationName = Release;
		};
/* End XCConfigurationList section */
	};
	rootObject = 17553CC22873616100A5B862 /* Project object */;
}
